
Microsoft Visual Studio Solution File, Format Version 12.00
# Visual Studio Version 16
VisualStudioVersion = 16.0.30804.86
MinimumVisualStudioVersion = 10.0.40219.1
Project("{FAE04EC0-301F-11D3-BF4B-00C04F79EFBC}") = "ConsoleApp3", "ConsoleApp3\ConsoleApp3.csproj", "{B1BAEDC0-E001-48D5-908C-0324D93A6CCF}"
EndProject
Global
	GlobalSection(SolutionConfigurationPlatforms) = preSolution
		Debug|Any CPU = Debug|Any CPU
		Release|Any CPU = Release|Any CPU
	EndGlobalSection
	GlobalSection(ProjectConfigurationPlatforms) = postSolution
		{B1BAEDC0-E001-48D5-908C-0324D93A6CCF}.Debug|Any CPU.ActiveCfg = Debug|Any CPU
		{B1BAEDC0-E001-48D5-908C-0324D93A6CCF}.Debug|Any CPU.Build.0 = Debug|Any CPU
		{B1BAEDC0-E001-48D5-908C-0324D93A6CCF}.Release|Any CPU.ActiveCfg = Release|Any CPU
		{B1BAEDC0-E001-48D5-908C-0324D93A6CCF}.Release|Any CPU.Build.0 = Release|Any CPU
	EndGlobalSection
	GlobalSection(SolutionProperties) = preSolution
		HideSolutionNode = FALSE
	EndGlobalSection
	GlobalSection(ExtensibilityGlobals) = postSolution
		SolutionGuid = {806DC1B9-FD14-4B5F-9A87-F52B913846DE}
	EndGlobalSection
EndGlobal
