
Microsoft Visual Studio Solution File, Format Version 12.00
# Visual Studio Version 16
VisualStudioVersion = 16.0.30804.86
MinimumVisualStudioVersion = 10.0.40219.1
Project("{FAE04EC0-301F-11D3-BF4B-00C04F79EFBC}") = "WebApplication5", "WebApplication5\WebApplication5.csproj", "{B49F450C-76FC-4DE5-A476-1CB774969138}"
EndProject
Global
	GlobalSection(SolutionConfigurationPlatforms) = preSolution
		Debug|Any CPU = Debug|Any CPU
		Release|Any CPU = Release|Any CPU
	EndGlobalSection
	GlobalSection(ProjectConfigurationPlatforms) = postSolution
		{B49F450C-76FC-4DE5-A476-1CB774969138}.Debug|Any CPU.ActiveCfg = Debug|Any CPU
		{B49F450C-76FC-4DE5-A476-1CB774969138}.Debug|Any CPU.Build.0 = Debug|Any CPU
		{B49F450C-76FC-4DE5-A476-1CB774969138}.Release|Any CPU.ActiveCfg = Release|Any CPU
		{B49F450C-76FC-4DE5-A476-1CB774969138}.Release|Any CPU.Build.0 = Release|Any CPU
	EndGlobalSection
	GlobalSection(SolutionProperties) = preSolution
		HideSolutionNode = FALSE
	EndGlobalSection
	GlobalSection(ExtensibilityGlobals) = postSolution
		SolutionGuid = {77D1196C-2D46-4FC6-BAB9-E82926DE9EAF}
	EndGlobalSection
EndGlobal
