
Microsoft Visual Studio Solution File, Format Version 12.00
# Visual Studio Version 16
VisualStudioVersion = 16.0.30804.86
MinimumVisualStudioVersion = 10.0.40219.1
Project("{FAE04EC0-301F-11D3-BF4B-00C04F79EFBC}") = "BullsAndCows", "BullsAndCows\BullsAndCows.csproj", "{8D596BD0-6A99-4FED-99CF-C20D928CD027}"
EndProject
Global
	GlobalSection(SolutionConfigurationPlatforms) = preSolution
		Debug|Any CPU = Debug|Any CPU
		Release|Any CPU = Release|Any CPU
	EndGlobalSection
	GlobalSection(ProjectConfigurationPlatforms) = postSolution
		{8D596BD0-6A99-4FED-99CF-C20D928CD027}.Debug|Any CPU.ActiveCfg = Debug|Any CPU
		{8D596BD0-6A99-4FED-99CF-C20D928CD027}.Debug|Any CPU.Build.0 = Debug|Any CPU
		{8D596BD0-6A99-4FED-99CF-C20D928CD027}.Release|Any CPU.ActiveCfg = Release|Any CPU
		{8D596BD0-6A99-4FED-99CF-C20D928CD027}.Release|Any CPU.Build.0 = Release|Any CPU
	EndGlobalSection
	GlobalSection(SolutionProperties) = preSolution
		HideSolutionNode = FALSE
	EndGlobalSection
	GlobalSection(ExtensibilityGlobals) = postSolution
		SolutionGuid = {86649B81-3FCE-46C4-ADE1-96A71C985441}
	EndGlobalSection
EndGlobal
