
Microsoft Visual Studio Solution File, Format Version 12.00
# Visual Studio Version 16
VisualStudioVersion = 16.0.30804.86
MinimumVisualStudioVersion = 10.0.40219.1
Project("{9A19103F-16F7-4668-BE54-9A1E7A4F7556}") = "DI.App", "DI.App.csproj", "{B3BF6A71-9E84-41CA-AE91-4F712B03A598}"
EndProject
Global
	GlobalSection(SolutionConfigurationPlatforms) = preSolution
		Debug|Any CPU = Debug|Any CPU
		Release|Any CPU = Release|Any CPU
	EndGlobalSection
	GlobalSection(ProjectConfigurationPlatforms) = postSolution
		{B3BF6A71-9E84-41CA-AE91-4F712B03A598}.Debug|Any CPU.ActiveCfg = Debug|Any CPU
		{B3BF6A71-9E84-41CA-AE91-4F712B03A598}.Debug|Any CPU.Build.0 = Debug|Any CPU
		{B3BF6A71-9E84-41CA-AE91-4F712B03A598}.Release|Any CPU.ActiveCfg = Release|Any CPU
		{B3BF6A71-9E84-41CA-AE91-4F712B03A598}.Release|Any CPU.Build.0 = Release|Any CPU
	EndGlobalSection
	GlobalSection(SolutionProperties) = preSolution
		HideSolutionNode = FALSE
	EndGlobalSection
	GlobalSection(ExtensibilityGlobals) = postSolution
		SolutionGuid = {5FA59DC1-CB85-4F1B-A514-B42AC06E90C3}
	EndGlobalSection
EndGlobal
